
Microsoft Visual Studio Solution File, Format Version 12.00
# Visual Studio Version 17
VisualStudioVersion = 17.7.34031.279
MinimumVisualStudioVersion = 10.0.40219.1
Project("{FAE04EC0-301F-11D3-BF4B-00C04F79EFBC}") = "DISM_Graphical_App", "DISM_Graphical_App.csproj", "{418AC880-CB64-4165-B570-CFBC287C6652}"
EndProject
Global
	GlobalSection(SolutionConfigurationPlatforms) = preSolution
		Debug|Any CPU = Debug|Any CPU
		Release|Any CPU = Release|Any CPU
	EndGlobalSection
	GlobalSection(ProjectConfigurationPlatforms) = postSolution
		{418AC880-CB64-4165-B570-CFBC287C6652}.Debug|Any CPU.ActiveCfg = Debug|Any CPU
		{418AC880-CB64-4165-B570-CFBC287C6652}.Debug|Any CPU.Build.0 = Debug|Any CPU
		{418AC880-CB64-4165-B570-CFBC287C6652}.Release|Any CPU.ActiveCfg = Release|Any CPU
		{418AC880-CB64-4165-B570-CFBC287C6652}.Release|Any CPU.Build.0 = Release|Any CPU
	EndGlobalSection
	GlobalSection(SolutionProperties) = preSolution
		HideSolutionNode = FALSE
	EndGlobalSection
	GlobalSection(ExtensibilityGlobals) = postSolution
		SolutionGuid = {095B278A-6829-4415-8694-2CCE65CDFB6E}
	EndGlobalSection
EndGlobal
